
Microsoft Visual Studio Solution File, Format Version 12.00
# Visual Studio 14
VisualStudioVersion = 14.0.25123.0
MinimumVisualStudioVersion = 10.0.40219.1
Project("{FAE04EC0-301F-11D3-BF4B-00C04F79EFBC}") = "TestPicLocker", "TestPicLocker\TestPicLocker.csproj", "{A0DAD08B-5812-4698-A8EE-340929BFB369}"
EndProject
Project("{FAE04EC0-301F-11D3-BF4B-00C04F79EFBC}") = "PicLocker.Android", "PicLocker.Android\PicLocker.Android.csproj", "{F70548C9-DF3A-4AC3-A393-2A01CAF50FE4}"
EndProject
Project("{FAE04EC0-301F-11D3-BF4B-00C04F79EFBC}") = "LibPicLocker", "LibPicLocker\LibPicLocker.csproj", "{22C0B2CC-F2C7-4145-ADFB-DB0380A2927E}"
EndProject
Project("{FAE04EC0-301F-11D3-BF4B-00C04F79EFBC}") = "PickLocker.SViOS", "PickLocker.SViOS\PickLocker.SViOS.csproj", "{57689DAB-7237-4574-899D-C51A349C5905}"
EndProject
Global
	GlobalSection(SolutionConfigurationPlatforms) = preSolution
		Ad-Hoc|Any CPU = Ad-Hoc|Any CPU
		Ad-Hoc|iPhone = Ad-Hoc|iPhone
		Ad-Hoc|iPhoneSimulator = Ad-Hoc|iPhoneSimulator
		AppStore|Any CPU = AppStore|Any CPU
		AppStore|iPhone = AppStore|iPhone
		AppStore|iPhoneSimulator = AppStore|iPhoneSimulator
		Debug|Any CPU = Debug|Any CPU
		Debug|iPhone = Debug|iPhone
		Debug|iPhoneSimulator = Debug|iPhoneSimulator
		Release|Any CPU = Release|Any CPU
		Release|iPhone = Release|iPhone
		Release|iPhoneSimulator = Release|iPhoneSimulator
	EndGlobalSection
	GlobalSection(ProjectConfigurationPlatforms) = postSolution
		{A0DAD08B-5812-4698-A8EE-340929BFB369}.Ad-Hoc|Any CPU.ActiveCfg = Release|Any CPU
		{A0DAD08B-5812-4698-A8EE-340929BFB369}.Ad-Hoc|Any CPU.Build.0 = Release|Any CPU
		{A0DAD08B-5812-4698-A8EE-340929BFB369}.Ad-Hoc|iPhone.ActiveCfg = Release|Any CPU
		{A0DAD08B-5812-4698-A8EE-340929BFB369}.Ad-Hoc|iPhone.Build.0 = Release|Any CPU
		{A0DAD08B-5812-4698-A8EE-340929BFB369}.Ad-Hoc|iPhoneSimulator.ActiveCfg = Release|Any CPU
		{A0DAD08B-5812-4698-A8EE-340929BFB369}.Ad-Hoc|iPhoneSimulator.Build.0 = Release|Any CPU
		{A0DAD08B-5812-4698-A8EE-340929BFB369}.AppStore|Any CPU.ActiveCfg = Release|Any CPU
		{A0DAD08B-5812-4698-A8EE-340929BFB369}.AppStore|Any CPU.Build.0 = Release|Any CPU
		{A0DAD08B-5812-4698-A8EE-340929BFB369}.AppStore|iPhone.ActiveCfg = Release|Any CPU
		{A0DAD08B-5812-4698-A8EE-340929BFB369}.AppStore|iPhone.Build.0 = Release|Any CPU
		{A0DAD08B-5812-4698-A8EE-340929BFB369}.AppStore|iPhoneSimulator.ActiveCfg = Release|Any CPU
		{A0DAD08B-5812-4698-A8EE-340929BFB369}.AppStore|iPhoneSimulator.Build.0 = Release|Any CPU
		{A0DAD08B-5812-4698-A8EE-340929BFB369}.Debug|Any CPU.ActiveCfg = Debug|Any CPU
		{A0DAD08B-5812-4698-A8EE-340929BFB369}.Debug|Any CPU.Build.0 = Debug|Any CPU
		{A0DAD08B-5812-4698-A8EE-340929BFB369}.Debug|iPhone.ActiveCfg = Debug|Any CPU
		{A0DAD08B-5812-4698-A8EE-340929BFB369}.Debug|iPhone.Build.0 = Debug|Any CPU
		{A0DAD08B-5812-4698-A8EE-340929BFB369}.Debug|iPhoneSimulator.ActiveCfg = Debug|Any CPU
		{A0DAD08B-5812-4698-A8EE-340929BFB369}.Debug|iPhoneSimulator.Build.0 = Debug|Any CPU
		{A0DAD08B-5812-4698-A8EE-340929BFB369}.Release|Any CPU.ActiveCfg = Release|Any CPU
		{A0DAD08B-5812-4698-A8EE-340929BFB369}.Release|Any CPU.Build.0 = Release|Any CPU
		{A0DAD08B-5812-4698-A8EE-340929BFB369}.Release|iPhone.ActiveCfg = Release|Any CPU
		{A0DAD08B-5812-4698-A8EE-340929BFB369}.Release|iPhone.Build.0 = Release|Any CPU
		{A0DAD08B-5812-4698-A8EE-340929BFB369}.Release|iPhoneSimulator.ActiveCfg = Release|Any CPU
		{A0DAD08B-5812-4698-A8EE-340929BFB369}.Release|iPhoneSimulator.Build.0 = Release|Any CPU
		{F70548C9-DF3A-4AC3-A393-2A01CAF50FE4}.Ad-Hoc|Any CPU.ActiveCfg = Release|Any CPU
		{F70548C9-DF3A-4AC3-A393-2A01CAF50FE4}.Ad-Hoc|Any CPU.Build.0 = Release|Any CPU
		{F70548C9-DF3A-4AC3-A393-2A01CAF50FE4}.Ad-Hoc|iPhone.ActiveCfg = Release|Any CPU
		{F70548C9-DF3A-4AC3-A393-2A01CAF50FE4}.Ad-Hoc|iPhone.Build.0 = Release|Any CPU
		{F70548C9-DF3A-4AC3-A393-2A01CAF50FE4}.Ad-Hoc|iPhoneSimulator.ActiveCfg = Release|Any CPU
		{F70548C9-DF3A-4AC3-A393-2A01CAF50FE4}.Ad-Hoc|iPhoneSimulator.Build.0 = Release|Any CPU
		{F70548C9-DF3A-4AC3-A393-2A01CAF50FE4}.AppStore|Any CPU.ActiveCfg = Release|Any CPU
		{F70548C9-DF3A-4AC3-A393-2A01CAF50FE4}.AppStore|Any CPU.Build.0 = Release|Any CPU
		{F70548C9-DF3A-4AC3-A393-2A01CAF50FE4}.AppStore|iPhone.ActiveCfg = Release|Any CPU
		{F70548C9-DF3A-4AC3-A393-2A01CAF50FE4}.AppStore|iPhone.Build.0 = Release|Any CPU
		{F70548C9-DF3A-4AC3-A393-2A01CAF50FE4}.AppStore|iPhoneSimulator.ActiveCfg = Release|Any CPU
		{F70548C9-DF3A-4AC3-A393-2A01CAF50FE4}.AppStore|iPhoneSimulator.Build.0 = Release|Any CPU
		{F70548C9-DF3A-4AC3-A393-2A01CAF50FE4}.Debug|Any CPU.ActiveCfg = Debug|Any CPU
		{F70548C9-DF3A-4AC3-A393-2A01CAF50FE4}.Debug|Any CPU.Build.0 = Debug|Any CPU
		{F70548C9-DF3A-4AC3-A393-2A01CAF50FE4}.Debug|iPhone.ActiveCfg = Debug|Any CPU
		{F70548C9-DF3A-4AC3-A393-2A01CAF50FE4}.Debug|iPhone.Build.0 = Debug|Any CPU
		{F70548C9-DF3A-4AC3-A393-2A01CAF50FE4}.Debug|iPhoneSimulator.ActiveCfg = Debug|Any CPU
		{F70548C9-DF3A-4AC3-A393-2A01CAF50FE4}.Debug|iPhoneSimulator.Build.0 = Debug|Any CPU
		{F70548C9-DF3A-4AC3-A393-2A01CAF50FE4}.Release|Any CPU.ActiveCfg = Release|Any CPU
		{F70548C9-DF3A-4AC3-A393-2A01CAF50FE4}.Release|Any CPU.Build.0 = Release|Any CPU
		{F70548C9-DF3A-4AC3-A393-2A01CAF50FE4}.Release|iPhone.ActiveCfg = Release|Any CPU
		{F70548C9-DF3A-4AC3-A393-2A01CAF50FE4}.Release|iPhone.Build.0 = Release|Any CPU
		{F70548C9-DF3A-4AC3-A393-2A01CAF50FE4}.Release|iPhoneSimulator.ActiveCfg = Release|Any CPU
		{F70548C9-DF3A-4AC3-A393-2A01CAF50FE4}.Release|iPhoneSimulator.Build.0 = Release|Any CPU
		{22C0B2CC-F2C7-4145-ADFB-DB0380A2927E}.Ad-Hoc|Any CPU.ActiveCfg = Release|Any CPU
		{22C0B2CC-F2C7-4145-ADFB-DB0380A2927E}.Ad-Hoc|Any CPU.Build.0 = Release|Any CPU
		{22C0B2CC-F2C7-4145-ADFB-DB0380A2927E}.Ad-Hoc|iPhone.ActiveCfg = Release|Any CPU
		{22C0B2CC-F2C7-4145-ADFB-DB0380A2927E}.Ad-Hoc|iPhone.Build.0 = Release|Any CPU
		{22C0B2CC-F2C7-4145-ADFB-DB0380A2927E}.Ad-Hoc|iPhoneSimulator.ActiveCfg = Release|Any CPU
		{22C0B2CC-F2C7-4145-ADFB-DB0380A2927E}.Ad-Hoc|iPhoneSimulator.Build.0 = Release|Any CPU
		{22C0B2CC-F2C7-4145-ADFB-DB0380A2927E}.AppStore|Any CPU.ActiveCfg = Release|Any CPU
		{22C0B2CC-F2C7-4145-ADFB-DB0380A2927E}.AppStore|Any CPU.Build.0 = Release|Any CPU
		{22C0B2CC-F2C7-4145-ADFB-DB0380A2927E}.AppStore|iPhone.ActiveCfg = Release|Any CPU
		{22C0B2CC-F2C7-4145-ADFB-DB0380A2927E}.AppStore|iPhone.Build.0 = Release|Any CPU
		{22C0B2CC-F2C7-4145-ADFB-DB0380A2927E}.AppStore|iPhoneSimulator.ActiveCfg = Release|Any CPU
		{22C0B2CC-F2C7-4145-ADFB-DB0380A2927E}.AppStore|iPhoneSimulator.Build.0 = Release|Any CPU
		{22C0B2CC-F2C7-4145-ADFB-DB0380A2927E}.Debug|Any CPU.ActiveCfg = Debug|Any CPU
		{22C0B2CC-F2C7-4145-ADFB-DB0380A2927E}.Debug|Any CPU.Build.0 = Debug|Any CPU
		{22C0B2CC-F2C7-4145-ADFB-DB0380A2927E}.Debug|iPhone.ActiveCfg = Debug|Any CPU
		{22C0B2CC-F2C7-4145-ADFB-DB0380A2927E}.Debug|iPhone.Build.0 = Debug|Any CPU
		{22C0B2CC-F2C7-4145-ADFB-DB0380A2927E}.Debug|iPhoneSimulator.ActiveCfg = Debug|Any CPU
		{22C0B2CC-F2C7-4145-ADFB-DB0380A2927E}.Debug|iPhoneSimulator.Build.0 = Debug|Any CPU
		{22C0B2CC-F2C7-4145-ADFB-DB0380A2927E}.Release|Any CPU.ActiveCfg = Release|Any CPU
		{22C0B2CC-F2C7-4145-ADFB-DB0380A2927E}.Release|Any CPU.Build.0 = Release|Any CPU
		{22C0B2CC-F2C7-4145-ADFB-DB0380A2927E}.Release|iPhone.ActiveCfg = Release|Any CPU
		{22C0B2CC-F2C7-4145-ADFB-DB0380A2927E}.Release|iPhone.Build.0 = Release|Any CPU
		{22C0B2CC-F2C7-4145-ADFB-DB0380A2927E}.Release|iPhoneSimulator.ActiveCfg = Release|Any CPU
		{22C0B2CC-F2C7-4145-ADFB-DB0380A2927E}.Release|iPhoneSimulator.Build.0 = Release|Any CPU
		{57689DAB-7237-4574-899D-C51A349C5905}.Ad-Hoc|Any CPU.ActiveCfg = Ad-Hoc|iPhone
		{57689DAB-7237-4574-899D-C51A349C5905}.Ad-Hoc|iPhone.ActiveCfg = Ad-Hoc|iPhone
		{57689DAB-7237-4574-899D-C51A349C5905}.Ad-Hoc|iPhone.Build.0 = Ad-Hoc|iPhone
		{57689DAB-7237-4574-899D-C51A349C5905}.Ad-Hoc|iPhoneSimulator.ActiveCfg = Ad-Hoc|iPhoneSimulator
		{57689DAB-7237-4574-899D-C51A349C5905}.Ad-Hoc|iPhoneSimulator.Build.0 = Ad-Hoc|iPhoneSimulator
		{57689DAB-7237-4574-899D-C51A349C5905}.AppStore|Any CPU.ActiveCfg = AppStore|iPhone
		{57689DAB-7237-4574-899D-C51A349C5905}.AppStore|iPhone.ActiveCfg = AppStore|iPhone
		{57689DAB-7237-4574-899D-C51A349C5905}.AppStore|iPhone.Build.0 = AppStore|iPhone
		{57689DAB-7237-4574-899D-C51A349C5905}.AppStore|iPhoneSimulator.ActiveCfg = AppStore|iPhoneSimulator
		{57689DAB-7237-4574-899D-C51A349C5905}.AppStore|iPhoneSimulator.Build.0 = AppStore|iPhoneSimulator
		{57689DAB-7237-4574-899D-C51A349C5905}.Debug|Any CPU.ActiveCfg = Debug|iPhone
		{57689DAB-7237-4574-899D-C51A349C5905}.Debug|iPhone.ActiveCfg = Debug|iPhone
		{57689DAB-7237-4574-899D-C51A349C5905}.Debug|iPhone.Build.0 = Debug|iPhone
		{57689DAB-7237-4574-899D-C51A349C5905}.Debug|iPhoneSimulator.ActiveCfg = Debug|iPhoneSimulator
		{57689DAB-7237-4574-899D-C51A349C5905}.Debug|iPhoneSimulator.Build.0 = Debug|iPhoneSimulator
		{57689DAB-7237-4574-899D-C51A349C5905}.Release|Any CPU.ActiveCfg = Release|iPhone
		{57689DAB-7237-4574-899D-C51A349C5905}.Release|iPhone.ActiveCfg = Release|iPhone
		{57689DAB-7237-4574-899D-C51A349C5905}.Release|iPhone.Build.0 = Release|iPhone
		{57689DAB-7237-4574-899D-C51A349C5905}.Release|iPhoneSimulator.ActiveCfg = Release|iPhoneSimulator
		{57689DAB-7237-4574-899D-C51A349C5905}.Release|iPhoneSimulator.Build.0 = Release|iPhoneSimulator
	EndGlobalSection
	GlobalSection(SolutionProperties) = preSolution
		HideSolutionNode = FALSE
	EndGlobalSection
EndGlobal
